
Microsoft Visual Studio Solution File, Format Version 12.00
# Visual Studio 14
VisualStudioVersion = 14.0.24720.0
MinimumVisualStudioVersion = 10.0.40219.1
Project("{FAE04EC0-301F-11D3-BF4B-00C04F79EFBC}") = "Quizwanie", "Quizwanie\Quizwanie.csproj", "{CBEDB2B6-8350-4473-A910-F9C5D04FE116}"
EndProject
Global
	GlobalSection(SolutionConfigurationPlatforms) = preSolution
		Debug|Any CPU = Debug|Any CPU
		Release|Any CPU = Release|Any CPU
	EndGlobalSection
	GlobalSection(ProjectConfigurationPlatforms) = postSolution
		{CBEDB2B6-8350-4473-A910-F9C5D04FE116}.Debug|Any CPU.ActiveCfg = Debug|Any CPU
		{CBEDB2B6-8350-4473-A910-F9C5D04FE116}.Debug|Any CPU.Build.0 = Debug|Any CPU
		{CBEDB2B6-8350-4473-A910-F9C5D04FE116}.Release|Any CPU.ActiveCfg = Release|Any CPU
		{CBEDB2B6-8350-4473-A910-F9C5D04FE116}.Release|Any CPU.Build.0 = Release|Any CPU
	EndGlobalSection
	GlobalSection(SolutionProperties) = preSolution
		HideSolutionNode = FALSE
	EndGlobalSection
EndGlobal
